
Microsoft Visual Studio Solution File, Format Version 12.00
# Visual Studio Version 17
VisualStudioVersion = 17.1.32210.238
MinimumVisualStudioVersion = 10.0.40219.1
Project("{FAE04EC0-301F-11D3-BF4B-00C04F79EFBC}") = "DualSense5Lib", "DualSense5Lib\DualSense5Lib.csproj", "{CF48CDC5-A573-4A15-8869-A61DB8E2E340}"
EndProject
Global
	GlobalSection(SolutionConfigurationPlatforms) = preSolution
		Debug|Any CPU = Debug|Any CPU
		Release|Any CPU = Release|Any CPU
	EndGlobalSection
	GlobalSection(ProjectConfigurationPlatforms) = postSolution
		{CF48CDC5-A573-4A15-8869-A61DB8E2E340}.Debug|Any CPU.ActiveCfg = Debug|Any CPU
		{CF48CDC5-A573-4A15-8869-A61DB8E2E340}.Debug|Any CPU.Build.0 = Debug|Any CPU
		{CF48CDC5-A573-4A15-8869-A61DB8E2E340}.Release|Any CPU.ActiveCfg = Release|Any CPU
		{CF48CDC5-A573-4A15-8869-A61DB8E2E340}.Release|Any CPU.Build.0 = Release|Any CPU
	EndGlobalSection
	GlobalSection(SolutionProperties) = preSolution
		HideSolutionNode = FALSE
	EndGlobalSection
	GlobalSection(ExtensibilityGlobals) = postSolution
		SolutionGuid = {96D8E534-6E04-4CA4-9487-6DF51A93C9EF}
	EndGlobalSection
EndGlobal
